
Microsoft Visual Studio Solution File, Format Version 12.00
# Visual Studio 14
VisualStudioVersion = 14.0.25420.1
MinimumVisualStudioVersion = 10.0.40219.1
Project("{FAE04EC0-301F-11D3-BF4B-00C04F79EFBC}") = "DryDump", "DryDump\DryDump.csproj", "{AEBC8511-212D-4967-9308-672E41D8E3E8}"
EndProject
Global
	GlobalSection(SolutionConfigurationPlatforms) = preSolution
		Debug|Any CPU = Debug|Any CPU
		Release|Any CPU = Release|Any CPU
	EndGlobalSection
	GlobalSection(ProjectConfigurationPlatforms) = postSolution
		{AEBC8511-212D-4967-9308-672E41D8E3E8}.Debug|Any CPU.ActiveCfg = Debug|Any CPU
		{AEBC8511-212D-4967-9308-672E41D8E3E8}.Debug|Any CPU.Build.0 = Debug|Any CPU
		{AEBC8511-212D-4967-9308-672E41D8E3E8}.Release|Any CPU.ActiveCfg = Release|Any CPU
		{AEBC8511-212D-4967-9308-672E41D8E3E8}.Release|Any CPU.Build.0 = Release|Any CPU
	EndGlobalSection
	GlobalSection(SolutionProperties) = preSolution
		HideSolutionNode = FALSE
	EndGlobalSection
EndGlobal
